
Microsoft Visual Studio Solution File, Format Version 12.00
# Visual Studio 15
VisualStudioVersion = 15.0.28307.1259
MinimumVisualStudioVersion = 10.0.40219.1
Project("{FAE04EC0-301F-11D3-BF4B-00C04F79EFBC}") = "AHR12_WI_Mehrwertsteuer", "AHR12_WI_Mehrwertsteuer\AHR12_WI_Mehrwertsteuer.csproj", "{D9F7F41C-E0D7-40C5-BBEA-1619E8D5020B}"
EndProject
Global
	GlobalSection(SolutionConfigurationPlatforms) = preSolution
		Debug|Any CPU = Debug|Any CPU
		Release|Any CPU = Release|Any CPU
	EndGlobalSection
	GlobalSection(ProjectConfigurationPlatforms) = postSolution
		{D9F7F41C-E0D7-40C5-BBEA-1619E8D5020B}.Debug|Any CPU.ActiveCfg = Debug|Any CPU
		{D9F7F41C-E0D7-40C5-BBEA-1619E8D5020B}.Debug|Any CPU.Build.0 = Debug|Any CPU
		{D9F7F41C-E0D7-40C5-BBEA-1619E8D5020B}.Release|Any CPU.ActiveCfg = Release|Any CPU
		{D9F7F41C-E0D7-40C5-BBEA-1619E8D5020B}.Release|Any CPU.Build.0 = Release|Any CPU
	EndGlobalSection
	GlobalSection(SolutionProperties) = preSolution
		HideSolutionNode = FALSE
	EndGlobalSection
	GlobalSection(ExtensibilityGlobals) = postSolution
		SolutionGuid = {D331E26A-03E3-43E9-81F5-92B606448749}
	EndGlobalSection
EndGlobal
